// !$*UTF8*$!
{
	archiveVersion = 1;
	classes = {
	};
	objectVersion = 46;
	objects = {

/* Begin PBXBuildFile section */
		A928704F1D5B8711004969F8 /* AudioToolbox.framework in Frameworks */ = {isa = PBXBuildFile; fileRef = A928704E1D5B8711004969F8 /* AudioToolbox.framework */; };
		A95A69561D31DCDF00E06075 /* main.m in Sources */ = {isa = PBXBuildFile; fileRef = A95A69551D31DCDF00E06075 /* main.m */; };
		A95A69591D31DCDF00E06075 /* AppDelegate.m in Sources */ = {isa = PBXBuildFile; fileRef = A95A69581D31DCDF00E06075 /* AppDelegate.m */; };
		A95A695C1D31DCDF00E06075 /* ViewController.m in Sources */ = {isa = PBXBuildFile; fileRef = A95A695B1D31DCDF00E06075 /* ViewController.m */; };
		A95A695F1D31DCDF00E06075 /* Main.storyboard in Resources */ = {isa = PBXBuildFile; fileRef = A95A695D1D31DCDF00E06075 /* Main.storyboard */; };
		A95A69611D31DCDF00E06075 /* Assets.xcassets in Resources */ = {isa = PBXBuildFile; fileRef = A95A69601D31DCDF00E06075 /* Assets.xcassets */; };
		A95A69641D31DCDF00E06075 /* LaunchScreen.storyboard in Resources */ = {isa = PBXBuildFile; fileRef = A95A69621D31DCDF00E06075 /* LaunchScreen.storyboard */; };
		A9653AC41D43026400AA559B /* MenuOffLineCell.m in Sources */ = {isa = PBXBuildFile; fileRef = A9653AC31D43026400AA559B /* MenuOffLineCell.m */; };
		A9653AC71D43027A00AA559B /* MenuOnLineCell.m in Sources */ = {isa = PBXBuildFile; fileRef = A9653AC61D43027A00AA559B /* MenuOnLineCell.m */; };
		A99906751D5A43E8004ABFDA /* scheck@2x.png in Resources */ = {isa = PBXBuildFile; fileRef = A99906731D5A43E8004ABFDA /* scheck@2x.png */; };
		A99906761D5A43E8004ABFDA /* suncheck@2x.png in Resources */ = {isa = PBXBuildFile; fileRef = A99906741D5A43E8004ABFDA /* suncheck@2x.png */; };
		A99906781D5A443D004ABFDA /* unchecked@2x.png in Resources */ = {isa = PBXBuildFile; fileRef = A99906771D5A443D004ABFDA /* unchecked@2x.png */; };
		A9D0B2AD1D37CC0F0067B048 /* UnitConverterViewController.m in Sources */ = {isa = PBXBuildFile; fileRef = A9D0B2AC1D37CC0F0067B048 /* UnitConverterViewController.m */; };
		A9D0B2B01D37CC2A0067B048 /* StatisticsCalViewController.m in Sources */ = {isa = PBXBuildFile; fileRef = A9D0B2AF1D37CC2A0067B048 /* StatisticsCalViewController.m */; };
		A9D0B2B31D37CC3E0067B048 /* SettingsViewController.m in Sources */ = {isa = PBXBuildFile; fileRef = A9D0B2B21D37CC3E0067B048 /* SettingsViewController.m */; };
		A9D0B2B61D37CC580067B048 /* ScientificCalViewController.m in Sources */ = {isa = PBXBuildFile; fileRef = A9D0B2B51D37CC580067B048 /* ScientificCalViewController.m */; };
		A9D0B2B91D37CC6A0067B048 /* CurrencyConverterViewController.m in Sources */ = {isa = PBXBuildFile; fileRef = A9D0B2B81D37CC6A0067B048 /* CurrencyConverterViewController.m */; };
		A9D0B2D11D37CFF80067B048 /* Reachability.m in Sources */ = {isa = PBXBuildFile; fileRef = A9D0B2D01D37CFF80067B048 /* Reachability.m */; };
		A9D0B2D31D37D04D0067B048 /* SystemConfiguration.framework in Frameworks */ = {isa = PBXBuildFile; fileRef = A9D0B2D21D37D04D0067B048 /* SystemConfiguration.framework */; };
		A9D0B2D91D37D7FA0067B048 /* DataHandlerTool.m in Sources */ = {isa = PBXBuildFile; fileRef = A9D0B2D81D37D7FA0067B048 /* DataHandlerTool.m */; };
		A9D5E5E41D43D13000B87617 /* Currency-Converter@2x.png in Resources */ = {isa = PBXBuildFile; fileRef = A9D5E5AF1D43D13000B87617 /* Currency-Converter@2x.png */; };
		A9D5E5E51D43D13000B87617 /* pin@2x.png in Resources */ = {isa = PBXBuildFile; fileRef = A9D5E5B01D43D13000B87617 /* pin@2x.png */; };
		A9D5E5E61D43D13000B87617 /* right@2x.png in Resources */ = {isa = PBXBuildFile; fileRef = A9D5E5B11D43D13000B87617 /* right@2x.png */; };
		A9D5E5E71D43D13000B87617 /* Scientific Calcuator@2x.png in Resources */ = {isa = PBXBuildFile; fileRef = A9D5E5B21D43D13000B87617 /* Scientific Calcuator@2x.png */; };
		A9D5E5E81D43D13000B87617 /* search-button@2x.png in Resources */ = {isa = PBXBuildFile; fileRef = A9D5E5B31D43D13000B87617 /* search-button@2x.png */; };
		A9D5E5E91D43D13000B87617 /* search@2x.png in Resources */ = {isa = PBXBuildFile; fileRef = A9D5E5B41D43D13000B87617 /* search@2x.png */; };
		A9D5E5EA1D43D13000B87617 /* Settings-&-About-Us@2x.png in Resources */ = {isa = PBXBuildFile; fileRef = A9D5E5B51D43D13000B87617 /* Settings-&-About-Us@2x.png */; };
		A9D5E5EB1D43D13000B87617 /* sign@2x.png in Resources */ = {isa = PBXBuildFile; fileRef = A9D5E5B61D43D13000B87617 /* sign@2x.png */; };
		A9D5E5EC1D43D13000B87617 /* Statistics Calcuator@2x.png in Resources */ = {isa = PBXBuildFile; fileRef = A9D5E5B71D43D13000B87617 /* Statistics Calcuator@2x.png */; };
		A9D5E5ED1D43D13000B87617 /* top@2x.png in Resources */ = {isa = PBXBuildFile; fileRef = A9D5E5B81D43D13000B87617 /* top@2x.png */; };
		A9D5E5EE1D43D13000B87617 /* Unit-Converter@2x.png in Resources */ = {isa = PBXBuildFile; fileRef = A9D5E5B91D43D13000B87617 /* Unit-Converter@2x.png */; };
		A9D5E5EF1D43D13000B87617 /* unpin@2x.png in Resources */ = {isa = PBXBuildFile; fileRef = A9D5E5BA1D43D13000B87617 /* unpin@2x.png */; };
		A9D5E5F01D43D13000B87617 /* back@2x.png in Resources */ = {isa = PBXBuildFile; fileRef = A9D5E5BC1D43D13000B87617 /* back@2x.png */; };
		A9D5E5F11D43D13000B87617 /* black-button@2x.png in Resources */ = {isa = PBXBuildFile; fileRef = A9D5E5BD1D43D13000B87617 /* black-button@2x.png */; };
		A9D5E5F21D43D13000B87617 /* button01@2x.png in Resources */ = {isa = PBXBuildFile; fileRef = A9D5E5BE1D43D13000B87617 /* button01@2x.png */; };
		A9D5E5F31D43D13000B87617 /* button02@2x.png in Resources */ = {isa = PBXBuildFile; fileRef = A9D5E5BF1D43D13000B87617 /* button02@2x.png */; };
		A9D5E5F51D43D13000B87617 /* input-box-@2x.png in Resources */ = {isa = PBXBuildFile; fileRef = A9D5E5C11D43D13000B87617 /* input-box-@2x.png */; };
		A9D5E5F61D43D13000B87617 /* red-button@2x.png in Resources */ = {isa = PBXBuildFile; fileRef = A9D5E5C21D43D13000B87617 /* red-button@2x.png */; };
		A9D5E5F71D43D13000B87617 /* top@2x.png in Resources */ = {isa = PBXBuildFile; fileRef = A9D5E5C31D43D13000B87617 /* top@2x.png */; };
		A9D5E5F91D43D13000B87617 /* black-button@2x.png in Resources */ = {isa = PBXBuildFile; fileRef = A9D5E5C61D43D13000B87617 /* black-button@2x.png */; };
		A9D5E5FA1D43D13000B87617 /* button01@2x.png in Resources */ = {isa = PBXBuildFile; fileRef = A9D5E5C71D43D13000B87617 /* button01@2x.png */; };
		A9D5E5FB1D43D13000B87617 /* button02@2x.png in Resources */ = {isa = PBXBuildFile; fileRef = A9D5E5C81D43D13000B87617 /* button02@2x.png */; };
		A9D5E5FC1D43D13000B87617 /* cancel-@2x.png in Resources */ = {isa = PBXBuildFile; fileRef = A9D5E5C91D43D13000B87617 /* cancel-@2x.png */; };
		A9D5E5FD1D43D13000B87617 /* input-box-@2x.png in Resources */ = {isa = PBXBuildFile; fileRef = A9D5E5CA1D43D13000B87617 /* input-box-@2x.png */; };
		A9D5E5FE1D43D13000B87617 /* red-button@2x.png in Resources */ = {isa = PBXBuildFile; fileRef = A9D5E5CB1D43D13000B87617 /* red-button@2x.png */; };
		A9D5E5FF1D43D13000B87617 /* top@2x.png in Resources */ = {isa = PBXBuildFile; fileRef = A9D5E5CC1D43D13000B87617 /* top@2x.png */; };
		A9D5E6001D43D13000B87617 /* black-button@2x.png in Resources */ = {isa = PBXBuildFile; fileRef = A9D5E5CE1D43D13000B87617 /* black-button@2x.png */; };
		A9D5E6011D43D13000B87617 /* button-bg@2x.png in Resources */ = {isa = PBXBuildFile; fileRef = A9D5E5CF1D43D13000B87617 /* button-bg@2x.png */; };
		A9D5E6021D43D13000B87617 /* choose@2x.png in Resources */ = {isa = PBXBuildFile; fileRef = A9D5E5D01D43D13000B87617 /* choose@2x.png */; };
		A9D5E6031D43D13000B87617 /* input-box@2x.png in Resources */ = {isa = PBXBuildFile; fileRef = A9D5E5D11D43D13000B87617 /* input-box@2x.png */; };
		A9D5E6041D43D13000B87617 /* line@2x.png in Resources */ = {isa = PBXBuildFile; fileRef = A9D5E5D21D43D13000B87617 /* line@2x.png */; };
		A9D5E6051D43D13000B87617 /* red-button@2x.png in Resources */ = {isa = PBXBuildFile; fileRef = A9D5E5D31D43D13000B87617 /* red-button@2x.png */; };
		A9D5E6061D43D13000B87617 /* top@2x.png in Resources */ = {isa = PBXBuildFile; fileRef = A9D5E5D41D43D13000B87617 /* top@2x.png */; };
		A9D5E6071D43D13000B87617 /* black-button@2x.png in Resources */ = {isa = PBXBuildFile; fileRef = A9D5E5D61D43D13000B87617 /* black-button@2x.png */; };
		A9D5E6081D43D13000B87617 /* button-bg@2x.png in Resources */ = {isa = PBXBuildFile; fileRef = A9D5E5D71D43D13000B87617 /* button-bg@2x.png */; };
		A9D5E6091D43D13000B87617 /* change@2x.png in Resources */ = {isa = PBXBuildFile; fileRef = A9D5E5D81D43D13000B87617 /* change@2x.png */; };
		A9D5E60A1D43D13000B87617 /* choose@2x.png in Resources */ = {isa = PBXBuildFile; fileRef = A9D5E5D91D43D13000B87617 /* choose@2x.png */; };
		A9D5E60B1D43D13000B87617 /* input-box@2x.png in Resources */ = {isa = PBXBuildFile; fileRef = A9D5E5DA1D43D13000B87617 /* input-box@2x.png */; };
		A9D5E60C1D43D13000B87617 /* line@2x.png in Resources */ = {isa = PBXBuildFile; fileRef = A9D5E5DB1D43D13000B87617 /* line@2x.png */; };
		A9D5E60D1D43D13000B87617 /* red-button@2x.png in Resources */ = {isa = PBXBuildFile; fileRef = A9D5E5DC1D43D13000B87617 /* red-button@2x.png */; };
		A9D5E60E1D43D13000B87617 /* Switch-(on)@2x.png in Resources */ = {isa = PBXBuildFile; fileRef = A9D5E5DD1D43D13000B87617 /* Switch-(on)@2x.png */; };
		A9D5E60F1D43D13000B87617 /* top@2x.png in Resources */ = {isa = PBXBuildFile; fileRef = A9D5E5DE1D43D13000B87617 /* top@2x.png */; };
		A9D5E6101D43D13000B87617 /* check@2x.png in Resources */ = {isa = PBXBuildFile; fileRef = A9D5E5E01D43D13000B87617 /* check@2x.png */; };
		A9D5E6111D43D13000B87617 /* right@2x.png in Resources */ = {isa = PBXBuildFile; fileRef = A9D5E5E11D43D13000B87617 /* right@2x.png */; };
		A9D5E6121D43D13000B87617 /* top@2x.png in Resources */ = {isa = PBXBuildFile; fileRef = A9D5E5E21D43D13000B87617 /* top@2x.png */; };
		A9D5E61A1D465D9600B87617 /* pinText@2x.png in Resources */ = {isa = PBXBuildFile; fileRef = A9D5E6181D465D9600B87617 /* pinText@2x.png */; };
		A9D5E61B1D465D9600B87617 /* unpinText@2x.png in Resources */ = {isa = PBXBuildFile; fileRef = A9D5E6191D465D9600B87617 /* unpinText@2x.png */; };
		A9D5E61E1D466C1700B87617 /* CALayer+Addition.m in Sources */ = {isa = PBXBuildFile; fileRef = A9D5E61D1D466C1700B87617 /* CALayer+Addition.m */; };
		A9D5E6211D466F6300B87617 /* MenuSearchCell.m in Sources */ = {isa = PBXBuildFile; fileRef = A9D5E6201D466F6300B87617 /* MenuSearchCell.m */; };
		A9DDBC5A1D64C2FF009D30E3 /* AddedView.m in Sources */ = {isa = PBXBuildFile; fileRef = A9DDBC591D64C2FF009D30E3 /* AddedView.m */; };
		A9DDBC5C1D64C30E009D30E3 /* AddedView.xib in Resources */ = {isa = PBXBuildFile; fileRef = A9DDBC5B1D64C30E009D30E3 /* AddedView.xib */; };
		A9F34D121D47CCB7009490F5 /* MBButtonWithFontAdapter.m in Sources */ = {isa = PBXBuildFile; fileRef = A9F34D081D47CCB7009490F5 /* MBButtonWithFontAdapter.m */; };
		A9F34D131D47CCB7009490F5 /* MBLabelWithFontAdapter.m in Sources */ = {isa = PBXBuildFile; fileRef = A9F34D0A1D47CCB7009490F5 /* MBLabelWithFontAdapter.m */; };
		A9F34D141D47CCB7009490F5 /* MBTextFieldWithFontAdapter.m in Sources */ = {isa = PBXBuildFile; fileRef = A9F34D0C1D47CCB7009490F5 /* MBTextFieldWithFontAdapter.m */; };
		A9F34D151D47CCB7009490F5 /* MBTextViewWithFontAdapter.m in Sources */ = {isa = PBXBuildFile; fileRef = A9F34D0E1D47CCB7009490F5 /* MBTextViewWithFontAdapter.m */; };
		A9F34D161D47CCB7009490F5 /* MBFontAdapter.m in Sources */ = {isa = PBXBuildFile; fileRef = A9F34D111D47CCB7009490F5 /* MBFontAdapter.m */; };
		A9F7D9851D65F0B1008F9E00 /* UnitCell.m in Sources */ = {isa = PBXBuildFile; fileRef = A9F7D9841D65F0B1008F9E00 /* UnitCell.m */; };
		A9F7D9871D65F0BF008F9E00 /* UnitCell.xib in Resources */ = {isa = PBXBuildFile; fileRef = A9F7D9861D65F0BF008F9E00 /* UnitCell.xib */; };
/* End PBXBuildFile section */

/* Begin PBXFileReference section */
		A928704E1D5B8711004969F8 /* AudioToolbox.framework */ = {isa = PBXFileReference; lastKnownFileType = wrapper.framework; name = AudioToolbox.framework; path = System/Library/Frameworks/AudioToolbox.framework; sourceTree = SDKROOT; };
		A95A69511D31DCDF00E06075 /* Calaulator_Converter.app */ = {isa = PBXFileReference; explicitFileType = wrapper.application; includeInIndex = 0; path = Calaulator_Converter.app; sourceTree = BUILT_PRODUCTS_DIR; };
		A95A69551D31DCDF00E06075 /* main.m */ = {isa = PBXFileReference; lastKnownFileType = sourcecode.c.objc; path = main.m; sourceTree = "<group>"; };
		A95A69571D31DCDF00E06075 /* AppDelegate.h */ = {isa = PBXFileReference; lastKnownFileType = sourcecode.c.h; path = AppDelegate.h; sourceTree = "<group>"; };
		A95A69581D31DCDF00E06075 /* AppDelegate.m */ = {isa = PBXFileReference; lastKnownFileType = sourcecode.c.objc; path = AppDelegate.m; sourceTree = "<group>"; };
		A95A695A1D31DCDF00E06075 /* ViewController.h */ = {isa = PBXFileReference; lastKnownFileType = sourcecode.c.h; path = ViewController.h; sourceTree = "<group>"; };
		A95A695B1D31DCDF00E06075 /* ViewController.m */ = {isa = PBXFileReference; lastKnownFileType = sourcecode.c.objc; path = ViewController.m; sourceTree = "<group>"; };
		A95A695E1D31DCDF00E06075 /* Base */ = {isa = PBXFileReference; lastKnownFileType = file.storyboard; name = Base; path = Base.lproj/Main.storyboard; sourceTree = "<group>"; };
		A95A69601D31DCDF00E06075 /* Assets.xcassets */ = {isa = PBXFileReference; lastKnownFileType = folder.assetcatalog; path = Assets.xcassets; sourceTree = "<group>"; };
		A95A69631D31DCDF00E06075 /* Base */ = {isa = PBXFileReference; lastKnownFileType = file.storyboard; name = Base; path = Base.lproj/LaunchScreen.storyboard; sourceTree = "<group>"; };
		A95A69651D31DCDF00E06075 /* Info.plist */ = {isa = PBXFileReference; lastKnownFileType = text.plist.xml; path = Info.plist; sourceTree = "<group>"; };
		A9653AC21D43026400AA559B /* MenuOffLineCell.h */ = {isa = PBXFileReference; fileEncoding = 4; lastKnownFileType = sourcecode.c.h; path = MenuOffLineCell.h; sourceTree = "<group>"; };
		A9653AC31D43026400AA559B /* MenuOffLineCell.m */ = {isa = PBXFileReference; fileEncoding = 4; lastKnownFileType = sourcecode.c.objc; path = MenuOffLineCell.m; sourceTree = "<group>"; };
		A9653AC51D43027A00AA559B /* MenuOnLineCell.h */ = {isa = PBXFileReference; fileEncoding = 4; lastKnownFileType = sourcecode.c.h; path = MenuOnLineCell.h; sourceTree = "<group>"; };
		A9653AC61D43027A00AA559B /* MenuOnLineCell.m */ = {isa = PBXFileReference; fileEncoding = 4; lastKnownFileType = sourcecode.c.objc; path = MenuOnLineCell.m; sourceTree = "<group>"; };
		A99906731D5A43E8004ABFDA /* scheck@2x.png */ = {isa = PBXFileReference; lastKnownFileType = image.png; path = "scheck@2x.png"; sourceTree = "<group>"; };
		A99906741D5A43E8004ABFDA /* suncheck@2x.png */ = {isa = PBXFileReference; lastKnownFileType = image.png; path = "suncheck@2x.png"; sourceTree = "<group>"; };
		A99906771D5A443D004ABFDA /* unchecked@2x.png */ = {isa = PBXFileReference; lastKnownFileType = image.png; path = "unchecked@2x.png"; sourceTree = "<group>"; };
		A9D0B2AB1D37CC0F0067B048 /* UnitConverterViewController.h */ = {isa = PBXFileReference; fileEncoding = 4; lastKnownFileType = sourcecode.c.h; path = UnitConverterViewController.h; sourceTree = "<group>"; };
		A9D0B2AC1D37CC0F0067B048 /* UnitConverterViewController.m */ = {isa = PBXFileReference; fileEncoding = 4; lastKnownFileType = sourcecode.c.objc; path = UnitConverterViewController.m; sourceTree = "<group>"; };
		A9D0B2AE1D37CC2A0067B048 /* StatisticsCalViewController.h */ = {isa = PBXFileReference; fileEncoding = 4; lastKnownFileType = sourcecode.c.h; path = StatisticsCalViewController.h; sourceTree = "<group>"; };
		A9D0B2AF1D37CC2A0067B048 /* StatisticsCalViewController.m */ = {isa = PBXFileReference; fileEncoding = 4; lastKnownFileType = sourcecode.c.objc; path = StatisticsCalViewController.m; sourceTree = "<group>"; };
		A9D0B2B11D37CC3E0067B048 /* SettingsViewController.h */ = {isa = PBXFileReference; fileEncoding = 4; lastKnownFileType = sourcecode.c.h; path = SettingsViewController.h; sourceTree = "<group>"; };
		A9D0B2B21D37CC3E0067B048 /* SettingsViewController.m */ = {isa = PBXFileReference; fileEncoding = 4; lastKnownFileType = sourcecode.c.objc; path = SettingsViewController.m; sourceTree = "<group>"; };
		A9D0B2B41D37CC580067B048 /* ScientificCalViewController.h */ = {isa = PBXFileReference; fileEncoding = 4; lastKnownFileType = sourcecode.c.h; path = ScientificCalViewController.h; sourceTree = "<group>"; };
		A9D0B2B51D37CC580067B048 /* ScientificCalViewController.m */ = {isa = PBXFileReference; fileEncoding = 4; lastKnownFileType = sourcecode.c.objc; path = ScientificCalViewController.m; sourceTree = "<group>"; };
		A9D0B2B71D37CC6A0067B048 /* CurrencyConverterViewController.h */ = {isa = PBXFileReference; fileEncoding = 4; lastKnownFileType = sourcecode.c.h; path = CurrencyConverterViewController.h; sourceTree = "<group>"; };
		A9D0B2B81D37CC6A0067B048 /* CurrencyConverterViewController.m */ = {isa = PBXFileReference; fileEncoding = 4; lastKnownFileType = sourcecode.c.objc; path = CurrencyConverterViewController.m; sourceTree = "<group>"; };
		A9D0B2CF1D37CFF80067B048 /* Reachability.h */ = {isa = PBXFileReference; fileEncoding = 4; lastKnownFileType = sourcecode.c.h; path = Reachability.h; sourceTree = "<group>"; };
		A9D0B2D01D37CFF80067B048 /* Reachability.m */ = {isa = PBXFileReference; fileEncoding = 4; lastKnownFileType = sourcecode.c.objc; path = Reachability.m; sourceTree = "<group>"; };
		A9D0B2D21D37D04D0067B048 /* SystemConfiguration.framework */ = {isa = PBXFileReference; lastKnownFileType = wrapper.framework; name = SystemConfiguration.framework; path = System/Library/Frameworks/SystemConfiguration.framework; sourceTree = SDKROOT; };
		A9D0B2D71D37D7FA0067B048 /* DataHandlerTool.h */ = {isa = PBXFileReference; fileEncoding = 4; lastKnownFileType = sourcecode.c.h; path = DataHandlerTool.h; sourceTree = "<group>"; };
		A9D0B2D81D37D7FA0067B048 /* DataHandlerTool.m */ = {isa = PBXFileReference; fileEncoding = 4; lastKnownFileType = sourcecode.c.objc; path = DataHandlerTool.m; sourceTree = "<group>"; };
		A9D5E5AF1D43D13000B87617 /* Currency-Converter@2x.png */ = {isa = PBXFileReference; lastKnownFileType = image.png; path = "Currency-Converter@2x.png"; sourceTree = "<group>"; };
		A9D5E5B01D43D13000B87617 /* pin@2x.png */ = {isa = PBXFileReference; lastKnownFileType = image.png; path = "pin@2x.png"; sourceTree = "<group>"; };
		A9D5E5B11D43D13000B87617 /* right@2x.png */ = {isa = PBXFileReference; lastKnownFileType = image.png; path = "right@2x.png"; sourceTree = "<group>"; };
		A9D5E5B21D43D13000B87617 /* Scientific Calcuator@2x.png */ = {isa = PBXFileReference; lastKnownFileType = image.png; path = "Scientific Calcuator@2x.png"; sourceTree = "<group>"; };
		A9D5E5B31D43D13000B87617 /* search-button@2x.png */ = {isa = PBXFileReference; lastKnownFileType = image.png; path = "search-button@2x.png"; sourceTree = "<group>"; };
		A9D5E5B41D43D13000B87617 /* search@2x.png */ = {isa = PBXFileReference; lastKnownFileType = image.png; path = "search@2x.png"; sourceTree = "<group>"; };
		A9D5E5B51D43D13000B87617 /* Settings-&-About-Us@2x.png */ = {isa = PBXFileReference; lastKnownFileType = image.png; path = "Settings-&-About-Us@2x.png"; sourceTree = "<group>"; };
		A9D5E5B61D43D13000B87617 /* sign@2x.png */ = {isa = PBXFileReference; lastKnownFileType = image.png; path = "sign@2x.png"; sourceTree = "<group>"; };
		A9D5E5B71D43D13000B87617 /* Statistics Calcuator@2x.png */ = {isa = PBXFileReference; lastKnownFileType = image.png; path = "Statistics Calcuator@2x.png"; sourceTree = "<group>"; };
		A9D5E5B81D43D13000B87617 /* top@2x.png */ = {isa = PBXFileReference; lastKnownFileType = image.png; path = "top@2x.png"; sourceTree = "<group>"; };
		A9D5E5B91D43D13000B87617 /* Unit-Converter@2x.png */ = {isa = PBXFileReference; lastKnownFileType = image.png; path = "Unit-Converter@2x.png"; sourceTree = "<group>"; };
		A9D5E5BA1D43D13000B87617 /* unpin@2x.png */ = {isa = PBXFileReference; lastKnownFileType = image.png; path = "unpin@2x.png"; sourceTree = "<group>"; };
		A9D5E5BC1D43D13000B87617 /* back@2x.png */ = {isa = PBXFileReference; lastKnownFileType = image.png; path = "back@2x.png"; sourceTree = "<group>"; };
		A9D5E5BD1D43D13000B87617 /* black-button@2x.png */ = {isa = PBXFileReference; lastKnownFileType = image.png; path = "black-button@2x.png"; sourceTree = "<group>"; };
		A9D5E5BE1D43D13000B87617 /* button01@2x.png */ = {isa = PBXFileReference; lastKnownFileType = image.png; path = "button01@2x.png"; sourceTree = "<group>"; };
		A9D5E5BF1D43D13000B87617 /* button02@2x.png */ = {isa = PBXFileReference; lastKnownFileType = image.png; path = "button02@2x.png"; sourceTree = "<group>"; };
		A9D5E5C11D43D13000B87617 /* input-box-@2x.png */ = {isa = PBXFileReference; lastKnownFileType = image.png; path = "input-box-@2x.png"; sourceTree = "<group>"; };
		A9D5E5C21D43D13000B87617 /* red-button@2x.png */ = {isa = PBXFileReference; lastKnownFileType = image.png; path = "red-button@2x.png"; sourceTree = "<group>"; };
		A9D5E5C31D43D13000B87617 /* top@2x.png */ = {isa = PBXFileReference; lastKnownFileType = image.png; path = "top@2x.png"; sourceTree = "<group>"; };
		A9D5E5C61D43D13000B87617 /* black-button@2x.png */ = {isa = PBXFileReference; lastKnownFileType = image.png; path = "black-button@2x.png"; sourceTree = "<group>"; };
		A9D5E5C71D43D13000B87617 /* button01@2x.png */ = {isa = PBXFileReference; lastKnownFileType = image.png; path = "button01@2x.png"; sourceTree = "<group>"; };
		A9D5E5C81D43D13000B87617 /* button02@2x.png */ = {isa = PBXFileReference; lastKnownFileType = image.png; path = "button02@2x.png"; sourceTree = "<group>"; };
		A9D5E5C91D43D13000B87617 /* cancel-@2x.png */ = {isa = PBXFileReference; lastKnownFileType = image.png; path = "cancel-@2x.png"; sourceTree = "<group>"; };
		A9D5E5CA1D43D13000B87617 /* input-box-@2x.png */ = {isa = PBXFileReference; lastKnownFileType = image.png; path = "input-box-@2x.png"; sourceTree = "<group>"; };
		A9D5E5CB1D43D13000B87617 /* red-button@2x.png */ = {isa = PBXFileReference; lastKnownFileType = image.png; path = "red-button@2x.png"; sourceTree = "<group>"; };
		A9D5E5CC1D43D13000B87617 /* top@2x.png */ = {isa = PBXFileReference; lastKnownFileType = image.png; path = "top@2x.png"; sourceTree = "<group>"; };
		A9D5E5CE1D43D13000B87617 /* black-button@2x.png */ = {isa = PBXFileReference; lastKnownFileType = image.png; path = "black-button@2x.png"; sourceTree = "<group>"; };
		A9D5E5CF1D43D13000B87617 /* button-bg@2x.png */ = {isa = PBXFileReference; lastKnownFileType = image.png; path = "button-bg@2x.png"; sourceTree = "<group>"; };
		A9D5E5D01D43D13000B87617 /* choose@2x.png */ = {isa = PBXFileReference; lastKnownFileType = image.png; path = "choose@2x.png"; sourceTree = "<group>"; };
		A9D5E5D11D43D13000B87617 /* input-box@2x.png */ = {isa = PBXFileReference; lastKnownFileType = image.png; path = "input-box@2x.png"; sourceTree = "<group>"; };
		A9D5E5D21D43D13000B87617 /* line@2x.png */ = {isa = PBXFileReference; lastKnownFileType = image.png; path = "line@2x.png"; sourceTree = "<group>"; };
		A9D5E5D31D43D13000B87617 /* red-button@2x.png */ = {isa = PBXFileReference; lastKnownFileType = image.png; path = "red-button@2x.png"; sourceTree = "<group>"; };
		A9D5E5D41D43D13000B87617 /* top@2x.png */ = {isa = PBXFileReference; lastKnownFileType = image.png; path = "top@2x.png"; sourceTree = "<group>"; };
		A9D5E5D61D43D13000B87617 /* black-button@2x.png */ = {isa = PBXFileReference; lastKnownFileType = image.png; path = "black-button@2x.png"; sourceTree = "<group>"; };
		A9D5E5D71D43D13000B87617 /* button-bg@2x.png */ = {isa = PBXFileReference; lastKnownFileType = image.png; path = "button-bg@2x.png"; sourceTree = "<group>"; };
		A9D5E5D81D43D13000B87617 /* change@2x.png */ = {isa = PBXFileReference; lastKnownFileType = image.png; path = "change@2x.png"; sourceTree = "<group>"; };
		A9D5E5D91D43D13000B87617 /* choose@2x.png */ = {isa = PBXFileReference; lastKnownFileType = image.png; path = "choose@2x.png"; sourceTree = "<group>"; };
		A9D5E5DA1D43D13000B87617 /* input-box@2x.png */ = {isa = PBXFileReference; lastKnownFileType = image.png; path = "input-box@2x.png"; sourceTree = "<group>"; };
		A9D5E5DB1D43D13000B87617 /* line@2x.png */ = {isa = PBXFileReference; lastKnownFileType = image.png; path = "line@2x.png"; sourceTree = "<group>"; };
		A9D5E5DC1D43D13000B87617 /* red-button@2x.png */ = {isa = PBXFileReference; lastKnownFileType = image.png; path = "red-button@2x.png"; sourceTree = "<group>"; };
		A9D5E5DD1D43D13000B87617 /* Switch-(on)@2x.png */ = {isa = PBXFileReference; lastKnownFileType = image.png; path = "Switch-(on)@2x.png"; sourceTree = "<group>"; };
		A9D5E5DE1D43D13000B87617 /* top@2x.png */ = {isa = PBXFileReference; lastKnownFileType = image.png; path = "top@2x.png"; sourceTree = "<group>"; };
		A9D5E5E01D43D13000B87617 /* check@2x.png */ = {isa = PBXFileReference; lastKnownFileType = image.png; path = "check@2x.png"; sourceTree = "<group>"; };
		A9D5E5E11D43D13000B87617 /* right@2x.png */ = {isa = PBXFileReference; lastKnownFileType = image.png; path = "right@2x.png"; sourceTree = "<group>"; };
		A9D5E5E21D43D13000B87617 /* top@2x.png */ = {isa = PBXFileReference; lastKnownFileType = image.png; path = "top@2x.png"; sourceTree = "<group>"; };
		A9D5E6181D465D9600B87617 /* pinText@2x.png */ = {isa = PBXFileReference; lastKnownFileType = image.png; path = "pinText@2x.png"; sourceTree = "<group>"; };
		A9D5E6191D465D9600B87617 /* unpinText@2x.png */ = {isa = PBXFileReference; lastKnownFileType = image.png; path = "unpinText@2x.png"; sourceTree = "<group>"; };
		A9D5E61C1D466C1700B87617 /* CALayer+Addition.h */ = {isa = PBXFileReference; fileEncoding = 4; lastKnownFileType = sourcecode.c.h; path = "CALayer+Addition.h"; sourceTree = "<group>"; };
		A9D5E61D1D466C1700B87617 /* CALayer+Addition.m */ = {isa = PBXFileReference; fileEncoding = 4; lastKnownFileType = sourcecode.c.objc; path = "CALayer+Addition.m"; sourceTree = "<group>"; };
		A9D5E61F1D466F6300B87617 /* MenuSearchCell.h */ = {isa = PBXFileReference; fileEncoding = 4; lastKnownFileType = sourcecode.c.h; path = MenuSearchCell.h; sourceTree = "<group>"; };
		A9D5E6201D466F6300B87617 /* MenuSearchCell.m */ = {isa = PBXFileReference; fileEncoding = 4; lastKnownFileType = sourcecode.c.objc; path = MenuSearchCell.m; sourceTree = "<group>"; };
		A9DDBC581D64C2FF009D30E3 /* AddedView.h */ = {isa = PBXFileReference; fileEncoding = 4; lastKnownFileType = sourcecode.c.h; name = AddedView.h; path = ../Scientific/AddedView.h; sourceTree = "<group>"; };
		A9DDBC591D64C2FF009D30E3 /* AddedView.m */ = {isa = PBXFileReference; fileEncoding = 4; lastKnownFileType = sourcecode.c.objc; name = AddedView.m; path = ../Scientific/AddedView.m; sourceTree = "<group>"; };
		A9DDBC5B1D64C30E009D30E3 /* AddedView.xib */ = {isa = PBXFileReference; fileEncoding = 4; lastKnownFileType = file.xib; name = AddedView.xib; path = ../Scientific/AddedView.xib; sourceTree = "<group>"; };
		A9F34D071D47CCB7009490F5 /* MBButtonWithFontAdapter.h */ = {isa = PBXFileReference; fileEncoding = 4; lastKnownFileType = sourcecode.c.h; path = MBButtonWithFontAdapter.h; sourceTree = "<group>"; };
		A9F34D081D47CCB7009490F5 /* MBButtonWithFontAdapter.m */ = {isa = PBXFileReference; fileEncoding = 4; lastKnownFileType = sourcecode.c.objc; path = MBButtonWithFontAdapter.m; sourceTree = "<group>"; };
		A9F34D091D47CCB7009490F5 /* MBLabelWithFontAdapter.h */ = {isa = PBXFileReference; fileEncoding = 4; lastKnownFileType = sourcecode.c.h; path = MBLabelWithFontAdapter.h; sourceTree = "<group>"; };
		A9F34D0A1D47CCB7009490F5 /* MBLabelWithFontAdapter.m */ = {isa = PBXFileReference; fileEncoding = 4; lastKnownFileType = sourcecode.c.objc; path = MBLabelWithFontAdapter.m; sourceTree = "<group>"; };
		A9F34D0B1D47CCB7009490F5 /* MBTextFieldWithFontAdapter.h */ = {isa = PBXFileReference; fileEncoding = 4; lastKnownFileType = sourcecode.c.h; path = MBTextFieldWithFontAdapter.h; sourceTree = "<group>"; };
		A9F34D0C1D47CCB7009490F5 /* MBTextFieldWithFontAdapter.m */ = {isa = PBXFileReference; fileEncoding = 4; lastKnownFileType = sourcecode.c.objc; path = MBTextFieldWithFontAdapter.m; sourceTree = "<group>"; };
		A9F34D0D1D47CCB7009490F5 /* MBTextViewWithFontAdapter.h */ = {isa = PBXFileReference; fileEncoding = 4; lastKnownFileType = sourcecode.c.h; path = MBTextViewWithFontAdapter.h; sourceTree = "<group>"; };
		A9F34D0E1D47CCB7009490F5 /* MBTextViewWithFontAdapter.m */ = {isa = PBXFileReference; fileEncoding = 4; lastKnownFileType = sourcecode.c.objc; path = MBTextViewWithFontAdapter.m; sourceTree = "<group>"; };
		A9F34D101D47CCB7009490F5 /* MBFontAdapter.h */ = {isa = PBXFileReference; fileEncoding = 4; lastKnownFileType = sourcecode.c.h; path = MBFontAdapter.h; sourceTree = "<group>"; };
		A9F34D111D47CCB7009490F5 /* MBFontAdapter.m */ = {isa = PBXFileReference; fileEncoding = 4; lastKnownFileType = sourcecode.c.objc; path = MBFontAdapter.m; sourceTree = "<group>"; };
		A9F7D9831D65F0B1008F9E00 /* UnitCell.h */ = {isa = PBXFileReference; fileEncoding = 4; lastKnownFileType = sourcecode.c.h; path = UnitCell.h; sourceTree = "<group>"; };
		A9F7D9841D65F0B1008F9E00 /* UnitCell.m */ = {isa = PBXFileReference; fileEncoding = 4; lastKnownFileType = sourcecode.c.objc; path = UnitCell.m; sourceTree = "<group>"; };
		A9F7D9861D65F0BF008F9E00 /* UnitCell.xib */ = {isa = PBXFileReference; fileEncoding = 4; lastKnownFileType = file.xib; path = UnitCell.xib; sourceTree = "<group>"; };
		A9F7D9881D661ACB008F9E00 /* Constant.h */ = {isa = PBXFileReference; fileEncoding = 4; lastKnownFileType = sourcecode.c.h; path = Constant.h; sourceTree = "<group>"; };
/* End PBXFileReference section */

/* Begin PBXFrameworksBuildPhase section */
		A95A694E1D31DCDF00E06075 /* Frameworks */ = {
			isa = PBXFrameworksBuildPhase;
			buildActionMask = 2147483647;
			files = (
				A928704F1D5B8711004969F8 /* AudioToolbox.framework in Frameworks */,
				A9D0B2D31D37D04D0067B048 /* SystemConfiguration.framework in Frameworks */,
			);
			runOnlyForDeploymentPostprocessing = 0;
		};
/* End PBXFrameworksBuildPhase section */

/* Begin PBXGroup section */
		A95A69481D31DCDF00E06075 = {
			isa = PBXGroup;
			children = (
				A928704E1D5B8711004969F8 /* AudioToolbox.framework */,
				A95A69531D31DCDF00E06075 /* Calaulator_Converter */,
				A95A69521D31DCDF00E06075 /* Products */,
			);
			sourceTree = "<group>";
		};
		A95A69521D31DCDF00E06075 /* Products */ = {
			isa = PBXGroup;
			children = (
				A95A69511D31DCDF00E06075 /* Calaulator_Converter.app */,
			);
			name = Products;
			sourceTree = "<group>";
		};
		A95A69531D31DCDF00E06075 /* Calaulator_Converter */ = {
			isa = PBXGroup;
			children = (
				A9D0B2A41D37CB850067B048 /* Currency Converter */,
				A9D0B2A51D37CB850067B048 /* Resources */,
				A9D0B2A61D37CB850067B048 /* Scientific */,
				A9D0B2A71D37CB850067B048 /* Settings */,
				A9D0B2A81D37CB850067B048 /* Statistics */,
				A9D0B2A91D37CB850067B048 /* Tools */,
				A9D0B2AA1D37CB850067B048 /* Unit Converter */,
				A95A69571D31DCDF00E06075 /* AppDelegate.h */,
				A95A69581D31DCDF00E06075 /* AppDelegate.m */,
				A95A695A1D31DCDF00E06075 /* ViewController.h */,
				A95A695B1D31DCDF00E06075 /* ViewController.m */,
				A9653AC21D43026400AA559B /* MenuOffLineCell.h */,
				A9653AC31D43026400AA559B /* MenuOffLineCell.m */,
				A9653AC51D43027A00AA559B /* MenuOnLineCell.h */,
				A9653AC61D43027A00AA559B /* MenuOnLineCell.m */,
				A9D5E61F1D466F6300B87617 /* MenuSearchCell.h */,
				A9D5E6201D466F6300B87617 /* MenuSearchCell.m */,
				A95A695D1D31DCDF00E06075 /* Main.storyboard */,
				A95A69621D31DCDF00E06075 /* LaunchScreen.storyboard */,
				A95A69541D31DCDF00E06075 /* Supporting Files */,
			);
			path = Calaulator_Converter;
			sourceTree = "<group>";
		};
		A95A69541D31DCDF00E06075 /* Supporting Files */ = {
			isa = PBXGroup;
			children = (
				A9D0B2D21D37D04D0067B048 /* SystemConfiguration.framework */,
				A95A69601D31DCDF00E06075 /* Assets.xcassets */,
				A95A69651D31DCDF00E06075 /* Info.plist */,
				A95A69551D31DCDF00E06075 /* main.m */,
				A9F7D9881D661ACB008F9E00 /* Constant.h */,
			);
			name = "Supporting Files";
			sourceTree = "<group>";
		};
		A9D0B2A41D37CB850067B048 /* Currency Converter */ = {
			isa = PBXGroup;
			children = (
				A9D0B2B71D37CC6A0067B048 /* CurrencyConverterViewController.h */,
				A9D0B2B81D37CC6A0067B048 /* CurrencyConverterViewController.m */,
			);
			path = "Currency Converter";
			sourceTree = "<group>";
		};
		A9D0B2A51D37CB850067B048 /* Resources */ = {
			isa = PBXGroup;
			children = (
				A9D5E5AE1D43D13000B87617 /* 01_Home */,
				A9D5E5BB1D43D13000B87617 /* 02_Scientific-Calcuator */,
				A9D5E5C51D43D13000B87617 /* 03_Statistics-Calcuator */,
				A9D5E5CD1D43D13000B87617 /* 04_Unit-Converter */,
				A9D5E5D51D43D13000B87617 /* 05_Currency Converter */,
				A9D5E5DF1D43D13000B87617 /* 06_Settings&About-us */,
			);
			path = Resources;
			sourceTree = "<group>";
		};
		A9D0B2A61D37CB850067B048 /* Scientific */ = {
			isa = PBXGroup;
			children = (
				A9D0B2B41D37CC580067B048 /* ScientificCalViewController.h */,
				A9D0B2B51D37CC580067B048 /* ScientificCalViewController.m */,
			);
			path = Scientific;
			sourceTree = "<group>";
		};
		A9D0B2A71D37CB850067B048 /* Settings */ = {
			isa = PBXGroup;
			children = (
				A9D0B2B11D37CC3E0067B048 /* SettingsViewController.h */,
				A9D0B2B21D37CC3E0067B048 /* SettingsViewController.m */,
			);
			path = Settings;
			sourceTree = "<group>";
		};
		A9D0B2A81D37CB850067B048 /* Statistics */ = {
			isa = PBXGroup;
			children = (
				A9D0B2AE1D37CC2A0067B048 /* StatisticsCalViewController.h */,
				A9D0B2AF1D37CC2A0067B048 /* StatisticsCalViewController.m */,
				A9DDBC581D64C2FF009D30E3 /* AddedView.h */,
				A9DDBC591D64C2FF009D30E3 /* AddedView.m */,
				A9DDBC5B1D64C30E009D30E3 /* AddedView.xib */,
			);
			path = Statistics;
			sourceTree = "<group>";
		};
		A9D0B2A91D37CB850067B048 /* Tools */ = {
			isa = PBXGroup;
			children = (
				A9F34D051D47CCB7009490F5 /* MBFontAdapter */,
				A9D0B2CE1D37CFF80067B048 /* Reachability */,
				A9D0B2D71D37D7FA0067B048 /* DataHandlerTool.h */,
				A9D0B2D81D37D7FA0067B048 /* DataHandlerTool.m */,
				A9D5E61C1D466C1700B87617 /* CALayer+Addition.h */,
				A9D5E61D1D466C1700B87617 /* CALayer+Addition.m */,
			);
			path = Tools;
			sourceTree = "<group>";
		};
		A9D0B2AA1D37CB850067B048 /* Unit Converter */ = {
			isa = PBXGroup;
			children = (
				A9D0B2AB1D37CC0F0067B048 /* UnitConverterViewController.h */,
				A9D0B2AC1D37CC0F0067B048 /* UnitConverterViewController.m */,
				A9F7D9831D65F0B1008F9E00 /* UnitCell.h */,
				A9F7D9841D65F0B1008F9E00 /* UnitCell.m */,
				A9F7D9861D65F0BF008F9E00 /* UnitCell.xib */,
			);
			path = "Unit Converter";
			sourceTree = "<group>";
		};
		A9D0B2CE1D37CFF80067B048 /* Reachability */ = {
			isa = PBXGroup;
			children = (
				A9D0B2CF1D37CFF80067B048 /* Reachability.h */,
				A9D0B2D01D37CFF80067B048 /* Reachability.m */,
			);
			path = Reachability;
			sourceTree = "<group>";
		};
		A9D5E5AE1D43D13000B87617 /* 01_Home */ = {
			isa = PBXGroup;
			children = (
				A9D5E6181D465D9600B87617 /* pinText@2x.png */,
				A9D5E6191D465D9600B87617 /* unpinText@2x.png */,
				A9D5E5AF1D43D13000B87617 /* Currency-Converter@2x.png */,
				A9D5E5B01D43D13000B87617 /* pin@2x.png */,
				A9D5E5B11D43D13000B87617 /* right@2x.png */,
				A9D5E5B21D43D13000B87617 /* Scientific Calcuator@2x.png */,
				A9D5E5B31D43D13000B87617 /* search-button@2x.png */,
				A9D5E5B41D43D13000B87617 /* search@2x.png */,
				A9D5E5B51D43D13000B87617 /* Settings-&-About-Us@2x.png */,
				A9D5E5B61D43D13000B87617 /* sign@2x.png */,
				A9D5E5B71D43D13000B87617 /* Statistics Calcuator@2x.png */,
				A9D5E5B81D43D13000B87617 /* top@2x.png */,
				A9D5E5B91D43D13000B87617 /* Unit-Converter@2x.png */,
				A9D5E5BA1D43D13000B87617 /* unpin@2x.png */,
			);
			path = 01_Home;
			sourceTree = "<group>";
		};
		A9D5E5BB1D43D13000B87617 /* 02_Scientific-Calcuator */ = {
			isa = PBXGroup;
			children = (
				A99906731D5A43E8004ABFDA /* scheck@2x.png */,
				A99906741D5A43E8004ABFDA /* suncheck@2x.png */,
				A9D5E5BC1D43D13000B87617 /* back@2x.png */,
				A9D5E5BD1D43D13000B87617 /* black-button@2x.png */,
				A9D5E5BE1D43D13000B87617 /* button01@2x.png */,
				A9D5E5BF1D43D13000B87617 /* button02@2x.png */,
				A9D5E5C11D43D13000B87617 /* input-box-@2x.png */,
				A9D5E5C21D43D13000B87617 /* red-button@2x.png */,
				A9D5E5C31D43D13000B87617 /* top@2x.png */,
			);
			path = "02_Scientific-Calcuator";
			sourceTree = "<group>";
		};
		A9D5E5C51D43D13000B87617 /* 03_Statistics-Calcuator */ = {
			isa = PBXGroup;
			children = (
				A9D5E5C61D43D13000B87617 /* black-button@2x.png */,
				A9D5E5C71D43D13000B87617 /* button01@2x.png */,
				A9D5E5C81D43D13000B87617 /* button02@2x.png */,
				A9D5E5C91D43D13000B87617 /* cancel-@2x.png */,
				A9D5E5CA1D43D13000B87617 /* input-box-@2x.png */,
				A9D5E5CB1D43D13000B87617 /* red-button@2x.png */,
				A9D5E5CC1D43D13000B87617 /* top@2x.png */,
			);
			path = "03_Statistics-Calcuator";
			sourceTree = "<group>";
		};
		A9D5E5CD1D43D13000B87617 /* 04_Unit-Converter */ = {
			isa = PBXGroup;
			children = (
				A9D5E5CE1D43D13000B87617 /* black-button@2x.png */,
				A9D5E5CF1D43D13000B87617 /* button-bg@2x.png */,
				A9D5E5D01D43D13000B87617 /* choose@2x.png */,
				A9D5E5D11D43D13000B87617 /* input-box@2x.png */,
				A9D5E5D21D43D13000B87617 /* line@2x.png */,
				A9D5E5D31D43D13000B87617 /* red-button@2x.png */,
				A9D5E5D41D43D13000B87617 /* top@2x.png */,
			);
			path = "04_Unit-Converter";
			sourceTree = "<group>";
		};
		A9D5E5D51D43D13000B87617 /* 05_Currency Converter */ = {
			isa = PBXGroup;
			children = (
				A9D5E5D61D43D13000B87617 /* black-button@2x.png */,
				A9D5E5D71D43D13000B87617 /* button-bg@2x.png */,
				A9D5E5D81D43D13000B87617 /* change@2x.png */,
				A9D5E5D91D43D13000B87617 /* choose@2x.png */,
				A9D5E5DA1D43D13000B87617 /* input-box@2x.png */,
				A9D5E5DB1D43D13000B87617 /* line@2x.png */,
				A9D5E5DC1D43D13000B87617 /* red-button@2x.png */,
				A9D5E5DD1D43D13000B87617 /* Switch-(on)@2x.png */,
				A9D5E5DE1D43D13000B87617 /* top@2x.png */,
			);
			path = "05_Currency Converter";
			sourceTree = "<group>";
		};
		A9D5E5DF1D43D13000B87617 /* 06_Settings&About-us */ = {
			isa = PBXGroup;
			children = (
				A99906771D5A443D004ABFDA /* unchecked@2x.png */,
				A9D5E5E01D43D13000B87617 /* check@2x.png */,
				A9D5E5E11D43D13000B87617 /* right@2x.png */,
				A9D5E5E21D43D13000B87617 /* top@2x.png */,
			);
			path = "06_Settings&About-us";
			sourceTree = "<group>";
		};
		A9F34D051D47CCB7009490F5 /* MBFontAdapter */ = {
			isa = PBXGroup;
			children = (
				A9F34D061D47CCB7009490F5 /* control */,
				A9F34D0F1D47CCB7009490F5 /* util */,
			);
			path = MBFontAdapter;
			sourceTree = "<group>";
		};
		A9F34D061D47CCB7009490F5 /* control */ = {
			isa = PBXGroup;
			children = (
				A9F34D071D47CCB7009490F5 /* MBButtonWithFontAdapter.h */,
				A9F34D081D47CCB7009490F5 /* MBButtonWithFontAdapter.m */,
				A9F34D091D47CCB7009490F5 /* MBLabelWithFontAdapter.h */,
				A9F34D0A1D47CCB7009490F5 /* MBLabelWithFontAdapter.m */,
				A9F34D0B1D47CCB7009490F5 /* MBTextFieldWithFontAdapter.h */,
				A9F34D0C1D47CCB7009490F5 /* MBTextFieldWithFontAdapter.m */,
				A9F34D0D1D47CCB7009490F5 /* MBTextViewWithFontAdapter.h */,
				A9F34D0E1D47CCB7009490F5 /* MBTextViewWithFontAdapter.m */,
			);
			path = control;
			sourceTree = "<group>";
		};
		A9F34D0F1D47CCB7009490F5 /* util */ = {
			isa = PBXGroup;
			children = (
				A9F34D101D47CCB7009490F5 /* MBFontAdapter.h */,
				A9F34D111D47CCB7009490F5 /* MBFontAdapter.m */,
			);
			path = util;
			sourceTree = "<group>";
		};
/* End PBXGroup section */

/* Begin PBXNativeTarget section */
		A95A69501D31DCDF00E06075 /* Calaulator_Converter */ = {
			isa = PBXNativeTarget;
			buildConfigurationList = A95A69681D31DCDF00E06075 /* Build configuration list for PBXNativeTarget "Calaulator_Converter" */;
			buildPhases = (
				A95A694D1D31DCDF00E06075 /* Sources */,
				A95A694E1D31DCDF00E06075 /* Frameworks */,
				A95A694F1D31DCDF00E06075 /* Resources */,
			);
			buildRules = (
			);
			dependencies = (
			);
			name = Calaulator_Converter;
			productName = Calaulator_Converter;
			productReference = A95A69511D31DCDF00E06075 /* Calaulator_Converter.app */;
			productType = "com.apple.product-type.application";
		};
/* End PBXNativeTarget section */

/* Begin PBXProject section */
		A95A69491D31DCDF00E06075 /* Project object */ = {
			isa = PBXProject;
			attributes = {
				LastUpgradeCheck = 0720;
				ORGANIZATIONNAME = "Weasley Qi";
				TargetAttributes = {
					A95A69501D31DCDF00E06075 = {
						CreatedOnToolsVersion = 7.2;
					};
				};
			};
			buildConfigurationList = A95A694C1D31DCDF00E06075 /* Build configuration list for PBXProject "Calaulator_Converter" */;
			compatibilityVersion = "Xcode 3.2";
			developmentRegion = English;
			hasScannedForEncodings = 0;
			knownRegions = (
				en,
				Base,
			);
			mainGroup = A95A69481D31DCDF00E06075;
			productRefGroup = A95A69521D31DCDF00E06075 /* Products */;
			projectDirPath = "";
			projectRoot = "";
			targets = (
				A95A69501D31DCDF00E06075 /* Calaulator_Converter */,
			);
		};
/* End PBXProject section */

/* Begin PBXResourcesBuildPhase section */
		A95A694F1D31DCDF00E06075 /* Resources */ = {
			isa = PBXResourcesBuildPhase;
			buildActionMask = 2147483647;
			files = (
				A9D5E5EA1D43D13000B87617 /* Settings-&-About-Us@2x.png in Resources */,
				A9D5E5FA1D43D13000B87617 /* button01@2x.png in Resources */,
				A9D5E60E1D43D13000B87617 /* Switch-(on)@2x.png in Resources */,
				A9D5E5FC1D43D13000B87617 /* cancel-@2x.png in Resources */,
				A9D5E6091D43D13000B87617 /* change@2x.png in Resources */,
				A9D5E5F51D43D13000B87617 /* input-box-@2x.png in Resources */,
				A9D5E6011D43D13000B87617 /* button-bg@2x.png in Resources */,
				A9D5E5EF1D43D13000B87617 /* unpin@2x.png in Resources */,
				A9D5E60B1D43D13000B87617 /* input-box@2x.png in Resources */,
				A9D5E60C1D43D13000B87617 /* line@2x.png in Resources */,
				A9D5E6121D43D13000B87617 /* top@2x.png in Resources */,
				A9D5E5F11D43D13000B87617 /* black-button@2x.png in Resources */,
				A9D5E5FD1D43D13000B87617 /* input-box-@2x.png in Resources */,
				A9D5E5F71D43D13000B87617 /* top@2x.png in Resources */,
				A99906751D5A43E8004ABFDA /* scheck@2x.png in Resources */,
				A9D5E5ED1D43D13000B87617 /* top@2x.png in Resources */,
				A99906781D5A443D004ABFDA /* unchecked@2x.png in Resources */,
				A9D5E5EB1D43D13000B87617 /* sign@2x.png in Resources */,
				A9D5E6111D43D13000B87617 /* right@2x.png in Resources */,
				A9D5E5E91D43D13000B87617 /* search@2x.png in Resources */,
				A9D5E5E81D43D13000B87617 /* search-button@2x.png in Resources */,
				A95A69641D31DCDF00E06075 /* LaunchScreen.storyboard in Resources */,
				A9D5E5F31D43D13000B87617 /* button02@2x.png in Resources */,
				A9D5E61A1D465D9600B87617 /* pinText@2x.png in Resources */,
				A9D5E6041D43D13000B87617 /* line@2x.png in Resources */,
				A9DDBC5C1D64C30E009D30E3 /* AddedView.xib in Resources */,
				A9D5E5F61D43D13000B87617 /* red-button@2x.png in Resources */,
				A95A69611D31DCDF00E06075 /* Assets.xcassets in Resources */,
				A9D5E6101D43D13000B87617 /* check@2x.png in Resources */,
				A9D5E5E41D43D13000B87617 /* Currency-Converter@2x.png in Resources */,
				A9D5E6061D43D13000B87617 /* top@2x.png in Resources */,
				A9D5E5F91D43D13000B87617 /* black-button@2x.png in Resources */,
				A9D5E5F01D43D13000B87617 /* back@2x.png in Resources */,
				A95A695F1D31DCDF00E06075 /* Main.storyboard in Resources */,
				A9D5E6071D43D13000B87617 /* black-button@2x.png in Resources */,
				A9D5E6031D43D13000B87617 /* input-box@2x.png in Resources */,
				A99906761D5A43E8004ABFDA /* suncheck@2x.png in Resources */,
				A9D5E60A1D43D13000B87617 /* choose@2x.png in Resources */,
				A9D5E5E51D43D13000B87617 /* pin@2x.png in Resources */,
				A9D5E6001D43D13000B87617 /* black-button@2x.png in Resources */,
				A9D5E5FE1D43D13000B87617 /* red-button@2x.png in Resources */,
				A9D5E5EC1D43D13000B87617 /* Statistics Calcuator@2x.png in Resources */,
				A9D5E6051D43D13000B87617 /* red-button@2x.png in Resources */,
				A9D5E5FB1D43D13000B87617 /* button02@2x.png in Resources */,
				A9D5E60D1D43D13000B87617 /* red-button@2x.png in Resources */,
				A9D5E5E61D43D13000B87617 /* right@2x.png in Resources */,
				A9D5E6021D43D13000B87617 /* choose@2x.png in Resources */,
				A9D5E5E71D43D13000B87617 /* Scientific Calcuator@2x.png in Resources */,
				A9D5E60F1D43D13000B87617 /* top@2x.png in Resources */,
				A9D5E61B1D465D9600B87617 /* unpinText@2x.png in Resources */,
				A9F7D9871D65F0BF008F9E00 /* UnitCell.xib in Resources */,
				A9D5E5EE1D43D13000B87617 /* Unit-Converter@2x.png in Resources */,
				A9D5E5FF1D43D13000B87617 /* top@2x.png in Resources */,
				A9D5E5F21D43D13000B87617 /* button01@2x.png in Resources */,
				A9D5E6081D43D13000B87617 /* button-bg@2x.png in Resources */,
			);
			runOnlyForDeploymentPostprocessing = 0;
		};
/* End PBXResourcesBuildPhase section */

/* Begin PBXSourcesBuildPhase section */
		A95A694D1D31DCDF00E06075 /* Sources */ = {
			isa = PBXSourcesBuildPhase;
			buildActionMask = 2147483647;
			files = (
				A95A695C1D31DCDF00E06075 /* ViewController.m in Sources */,
				A9F34D161D47CCB7009490F5 /* MBFontAdapter.m in Sources */,
				A9F7D9851D65F0B1008F9E00 /* UnitCell.m in Sources */,
				A9D5E61E1D466C1700B87617 /* CALayer+Addition.m in Sources */,
				A95A69591D31DCDF00E06075 /* AppDelegate.m in Sources */,
				A9D0B2D91D37D7FA0067B048 /* DataHandlerTool.m in Sources */,
				A9D0B2D11D37CFF80067B048 /* Reachability.m in Sources */,
				A9F34D151D47CCB7009490F5 /* MBTextViewWithFontAdapter.m in Sources */,
				A9D0B2B91D37CC6A0067B048 /* CurrencyConverterViewController.m in Sources */,
				A9F34D141D47CCB7009490F5 /* MBTextFieldWithFontAdapter.m in Sources */,
				A9F34D131D47CCB7009490F5 /* MBLabelWithFontAdapter.m in Sources */,
				A9D0B2B61D37CC580067B048 /* ScientificCalViewController.m in Sources */,
				A9DDBC5A1D64C2FF009D30E3 /* AddedView.m in Sources */,
				A95A69561D31DCDF00E06075 /* main.m in Sources */,
				A9653AC41D43026400AA559B /* MenuOffLineCell.m in Sources */,
				A9D0B2B31D37CC3E0067B048 /* SettingsViewController.m in Sources */,
				A9653AC71D43027A00AA559B /* MenuOnLineCell.m in Sources */,
				A9D0B2AD1D37CC0F0067B048 /* UnitConverterViewController.m in Sources */,
				A9D5E6211D466F6300B87617 /* MenuSearchCell.m in Sources */,
				A9F34D121D47CCB7009490F5 /* MBButtonWithFontAdapter.m in Sources */,
				A9D0B2B01D37CC2A0067B048 /* StatisticsCalViewController.m in Sources */,
			);
			runOnlyForDeploymentPostprocessing = 0;
		};
/* End PBXSourcesBuildPhase section */

/* Begin PBXVariantGroup section */
		A95A695D1D31DCDF00E06075 /* Main.storyboard */ = {
			isa = PBXVariantGroup;
			children = (
				A95A695E1D31DCDF00E06075 /* Base */,
			);
			name = Main.storyboard;
			sourceTree = "<group>";
		};
		A95A69621D31DCDF00E06075 /* LaunchScreen.storyboard */ = {
			isa = PBXVariantGroup;
			children = (
				A95A69631D31DCDF00E06075 /* Base */,
			);
			name = LaunchScreen.storyboard;
			sourceTree = "<group>";
		};
/* End PBXVariantGroup section */

/* Begin XCBuildConfiguration section */
		A95A69661D31DCDF00E06075 /* Debug */ = {
			isa = XCBuildConfiguration;
			buildSettings = {
				ALWAYS_SEARCH_USER_PATHS = NO;
				CLANG_CXX_LANGUAGE_STANDARD = "gnu++0x";
				CLANG_CXX_LIBRARY = "libc++";
				CLANG_ENABLE_MODULES = YES;
				CLANG_ENABLE_OBJC_ARC = YES;
				CLANG_WARN_BOOL_CONVERSION = YES;
				CLANG_WARN_CONSTANT_CONVERSION = YES;
				CLANG_WARN_DIRECT_OBJC_ISA_USAGE = YES_ERROR;
				CLANG_WARN_EMPTY_BODY = YES;
				CLANG_WARN_ENUM_CONVERSION = YES;
				CLANG_WARN_INT_CONVERSION = YES;
				CLANG_WARN_OBJC_ROOT_CLASS = YES_ERROR;
				CLANG_WARN_UNREACHABLE_CODE = YES;
				CLANG_WARN__DUPLICATE_METHOD_MATCH = YES;
				"CODE_SIGN_IDENTITY[sdk=iphoneos*]" = "iPhone Developer";
				COPY_PHASE_STRIP = NO;
				DEBUG_INFORMATION_FORMAT = dwarf;
				ENABLE_STRICT_OBJC_MSGSEND = YES;
				ENABLE_TESTABILITY = YES;
				GCC_C_LANGUAGE_STANDARD = gnu99;
				GCC_DYNAMIC_NO_PIC = NO;
				GCC_NO_COMMON_BLOCKS = YES;
				GCC_OPTIMIZATION_LEVEL = 0;
				GCC_PREPROCESSOR_DEFINITIONS = (
					"DEBUG=1",
					"$(inherited)",
				);
				GCC_WARN_64_TO_32_BIT_CONVERSION = YES;
				GCC_WARN_ABOUT_RETURN_TYPE = YES_ERROR;
				GCC_WARN_UNDECLARED_SELECTOR = YES;
				GCC_WARN_UNINITIALIZED_AUTOS = YES_AGGRESSIVE;
				GCC_WARN_UNUSED_FUNCTION = YES;
				GCC_WARN_UNUSED_VARIABLE = YES;
				IPHONEOS_DEPLOYMENT_TARGET = 9.2;
				MTL_ENABLE_DEBUG_INFO = YES;
				ONLY_ACTIVE_ARCH = YES;
				SDKROOT = iphoneos;
				TARGETED_DEVICE_FAMILY = "1,2";
			};
			name = Debug;
		};
		A95A69671D31DCDF00E06075 /* Release */ = {
			isa = XCBuildConfiguration;
			buildSettings = {
				ALWAYS_SEARCH_USER_PATHS = NO;
				CLANG_CXX_LANGUAGE_STANDARD = "gnu++0x";
				CLANG_CXX_LIBRARY = "libc++";
				CLANG_ENABLE_MODULES = YES;
				CLANG_ENABLE_OBJC_ARC = YES;
				CLANG_WARN_BOOL_CONVERSION = YES;
				CLANG_WARN_CONSTANT_CONVERSION = YES;
				CLANG_WARN_DIRECT_OBJC_ISA_USAGE = YES_ERROR;
				CLANG_WARN_EMPTY_BODY = YES;
				CLANG_WARN_ENUM_CONVERSION = YES;
				CLANG_WARN_INT_CONVERSION = YES;
				CLANG_WARN_OBJC_ROOT_CLASS = YES_ERROR;
				CLANG_WARN_UNREACHABLE_CODE = YES;
				CLANG_WARN__DUPLICATE_METHOD_MATCH = YES;
				"CODE_SIGN_IDENTITY[sdk=iphoneos*]" = "iPhone Developer";
				COPY_PHASE_STRIP = NO;
				DEBUG_INFORMATION_FORMAT = "dwarf-with-dsym";
				ENABLE_NS_ASSERTIONS = NO;
				ENABLE_STRICT_OBJC_MSGSEND = YES;
				GCC_C_LANGUAGE_STANDARD = gnu99;
				GCC_NO_COMMON_BLOCKS = YES;
				GCC_WARN_64_TO_32_BIT_CONVERSION = YES;
				GCC_WARN_ABOUT_RETURN_TYPE = YES_ERROR;
				GCC_WARN_UNDECLARED_SELECTOR = YES;
				GCC_WARN_UNINITIALIZED_AUTOS = YES_AGGRESSIVE;
				GCC_WARN_UNUSED_FUNCTION = YES;
				GCC_WARN_UNUSED_VARIABLE = YES;
				IPHONEOS_DEPLOYMENT_TARGET = 9.2;
				MTL_ENABLE_DEBUG_INFO = NO;
				SDKROOT = iphoneos;
				TARGETED_DEVICE_FAMILY = "1,2";
				VALIDATE_PRODUCT = YES;
			};
			name = Release;
		};
		A95A69691D31DCDF00E06075 /* Debug */ = {
			isa = XCBuildConfiguration;
			buildSettings = {
				ASSETCATALOG_COMPILER_APPICON_NAME = AppIcon;
				INFOPLIST_FILE = Calaulator_Converter/Info.plist;
				IPHONEOS_DEPLOYMENT_TARGET = 8.0;
				LD_RUNPATH_SEARCH_PATHS = "$(inherited) @executable_path/Frameworks";
				PRODUCT_BUNDLE_IDENTIFIER = "com.movitech.Calaulator-Converter";
				PRODUCT_NAME = "$(TARGET_NAME)";
			};
			name = Debug;
		};
		A95A696A1D31DCDF00E06075 /* Release */ = {
			isa = XCBuildConfiguration;
			buildSettings = {
				ASSETCATALOG_COMPILER_APPICON_NAME = AppIcon;
				INFOPLIST_FILE = Calaulator_Converter/Info.plist;
				IPHONEOS_DEPLOYMENT_TARGET = 8.0;
				LD_RUNPATH_SEARCH_PATHS = "$(inherited) @executable_path/Frameworks";
				PRODUCT_BUNDLE_IDENTIFIER = "com.movitech.Calaulator-Converter";
				PRODUCT_NAME = "$(TARGET_NAME)";
			};
			name = Release;
		};
/* End XCBuildConfiguration section */

/* Begin XCConfigurationList section */
		A95A694C1D31DCDF00E06075 /* Build configuration list for PBXProject "Calaulator_Converter" */ = {
			isa = XCConfigurationList;
			buildConfigurations = (
				A95A69661D31DCDF00E06075 /* Debug */,
				A95A69671D31DCDF00E06075 /* Release */,
			);
			defaultConfigurationIsVisible = 0;
			defaultConfigurationName = Release;
		};
		A95A69681D31DCDF00E06075 /* Build configuration list for PBXNativeTarget "Calaulator_Converter" */ = {
			isa = XCConfigurationList;
			buildConfigurations = (
				A95A69691D31DCDF00E06075 /* Debug */,
				A95A696A1D31DCDF00E06075 /* Release */,
			);
			defaultConfigurationIsVisible = 0;
			defaultConfigurationName = Release;
		};
/* End XCConfigurationList section */
	};
	rootObject = A95A69491D31DCDF00E06075 /* Project object */;
}
